<?xml version="1.0" encoding="utf-8"?>
<Project ToolsVersion="4.0" xmlns="http://schemas.microsoft.com/developer/msbuild/2003">
  <ItemGroup>
    <Filter Include="Source Files">
      <UniqueIdentifier>{4FC737F1-C7A5-4376-A066-2A32D752A2FF}</UniqueIdentifier>
      <Extensions>cpp;c;cc;cxx;c++;def;odl;idl;hpj;bat;asm;asmx</Extensions>
    </Filter>
    <Filter Include="Header Files">
      <UniqueIdentifier>{93995380-89BD-4b04-88EB-625FBE52EBFB}</UniqueIdentifier>
      <Extensions>h;hh;hpp;hxx;h++;hm;inl;inc;ipp;xsd</Extensions>
    </Filter>
    <Filter Include="Resource Files">
      <UniqueIdentifier>{67DA6AB6-F800-4c08-8B7A-83BB121AAD01}</UniqueIdentifier>
      <Extensions>rc;ico;cur;bmp;dlg;rc2;rct;bin;rgs;gif;jpg;jpeg;jpe;resx;tiff;tif;png;wav;mfcribbon-ms</Extensions>
    </Filter>
    <Filter Include="Header Files\exceptions">
      <UniqueIdentifier>{5e9c8eaa-70c7-48bc-97f9-38aeb50d4b3c}</UniqueIdentifier>
    </Filter>
    <Filter Include="Header Files\storage">
      <UniqueIdentifier>{d877ec47-abe5-4b63-8655-e6a7a1e8f456}</UniqueIdentifier>
    </Filter>
    <Filter Include="Header Files\utils">
      <UniqueIdentifier>{a21534f0-0cce-4ea5-aed6-c8f3f9287602}</UniqueIdentifier>
    </Filter>
    <Filter Include="Header Files\utils\storage">
      <UniqueIdentifier>{617be386-278f-4a91-a8e8-5d21aec4322a}</UniqueIdentifier>
    </Filter>
    <Filter Include="Source Files\utils">
      <UniqueIdentifier>{2f31ed14-b9ba-4c3c-9401-b778bcc598fc}</UniqueIdentifier>
    </Filter>
  </ItemGroup>
  <ItemGroup>
    <ClInclude Include="include\FingerprintProcessor.h">
      <Filter>Header Files</Filter>
    </ClInclude>
    <ClInclude Include="include\exceptions\UnknownMinutiaeType.h">
      <Filter>Header Files\exceptions</Filter>
    </ClInclude>
    <ClInclude Include="include\utils\FakeMinutiaeDetector.h">
      <Filter>Header Files\utils</Filter>
    </ClInclude>
    <ClInclude Include="include\storage\Fingerprint.h">
      <Filter>Header Files\storage</Filter>
    </ClInclude>
    <ClInclude Include="include\utils\FrequenciesEstimator.h">
      <Filter>Header Files\utils</Filter>
    </ClInclude>
    <ClInclude Include="include\utils\GaborFilter.h">
      <Filter>Header Files\utils</Filter>
    </ClInclude>
    <ClInclude Include="include\utils\ImageProcessor.h">
      <Filter>Header Files\utils</Filter>
    </ClInclude>
    <ClInclude Include="include\exceptions\KernelSizeIsNotOdd.h">
      <Filter>Header Files\exceptions</Filter>
    </ClInclude>
    <ClInclude Include="include\exceptions\MapOutOfBound.h">
      <Filter>Header Files\exceptions</Filter>
    </ClInclude>
    <ClInclude Include="include\utils\MinutiaeEstimator.h">
      <Filter>Header Files\utils</Filter>
    </ClInclude>
    <ClInclude Include="include\storage\RegionMask.h">
      <Filter>Header Files\utils\storage</Filter>
    </ClInclude>
    <ClInclude Include="include\storage\Minutiae.h">
      <Filter>Header Files\utils\storage</Filter>
    </ClInclude>
    <ClInclude Include="include\exceptions\NoImageFoundException.h">
      <Filter>Header Files\exceptions</Filter>
    </ClInclude>
    <ClInclude Include="include\utils\OrientationsEstimator.h">
      <Filter>Header Files\utils</Filter>
    </ClInclude>
  </ItemGroup>
  <ItemGroup>
    <ClCompile Include="include\utils\OrientationsEstimator.cpp">
      <Filter>Source Files\utils</Filter>
    </ClCompile>
    <ClCompile Include="include\utils\MinutiaeEstimator.cpp">
      <Filter>Source Files\utils</Filter>
    </ClCompile>
    <ClCompile Include="include\utils\ImageProcessor.cpp">
      <Filter>Source Files\utils</Filter>
    </ClCompile>
    <ClCompile Include="include\utils\GaborFilter.cpp">
      <Filter>Source Files\utils</Filter>
    </ClCompile>
    <ClCompile Include="include\utils\FrequenciesEstimator.cpp">
      <Filter>Source Files\utils</Filter>
    </ClCompile>
    <ClCompile Include="include\utils\FakeMinutiaeDetector.cpp">
      <Filter>Source Files\utils</Filter>
    </ClCompile>
    <ClCompile Include="include\FingerprintProcessor.cpp">
      <Filter>Source Files</Filter>
    </ClCompile>
  </ItemGroup>
</Project>