<?xml version="1.0" encoding="utf-8"?>
<Project ToolsVersion="4.0" xmlns="http://schemas.microsoft.com/developer/msbuild/2003">
  <ItemGroup>
    <Filter Include="Source Files">
      <UniqueIdentifier>{4FC737F1-C7A5-4376-A066-2A32D752A2FF}</UniqueIdentifier>
      <Extensions>cpp;c;cc;cxx;c++;def;odl;idl;hpj;bat;asm;asmx</Extensions>
    </Filter>
    <Filter Include="Header Files">
      <UniqueIdentifier>{93995380-89BD-4b04-88EB-625FBE52EBFB}</UniqueIdentifier>
      <Extensions>h;hh;hpp;hxx;h++;hm;inl;inc;ipp;xsd</Extensions>
    </Filter>
    <Filter Include="Resource Files">
      <UniqueIdentifier>{67DA6AB6-F800-4c08-8B7A-83BB121AAD01}</UniqueIdentifier>
      <Extensions>rc;ico;cur;bmp;dlg;rc2;rct;bin;rgs;gif;jpg;jpeg;jpe;resx;tiff;tif;png;wav;mfcribbon-ms</Extensions>
    </Filter>
    <Filter Include="Header Files\exceptions">
      <UniqueIdentifier>{687d7deb-4cfb-4bf1-91e9-d7eb5dd1d275}</UniqueIdentifier>
    </Filter>
    <Filter Include="Header Files\utils">
      <UniqueIdentifier>{8b9a0c00-2778-44fd-832a-b3b4fd9a4c35}</UniqueIdentifier>
    </Filter>
    <Filter Include="Header Files\utils\storage">
      <UniqueIdentifier>{52966f7c-698e-4c0b-80da-d43a97445ead}</UniqueIdentifier>
    </Filter>
    <Filter Include="Header Files\storage">
      <UniqueIdentifier>{262d0627-8246-4e03-ae93-1fb5e72f452a}</UniqueIdentifier>
    </Filter>
    <Filter Include="Source Files\utils">
      <UniqueIdentifier>{9dedd8c2-b0e5-4a42-a254-4355eda559cc}</UniqueIdentifier>
    </Filter>
  </ItemGroup>
  <ItemGroup>
    <ClInclude Include="include\MorphingProcessor.h">
      <Filter>Header Files</Filter>
    </ClInclude>
    <ClInclude Include="include\storage\Cutline.h">
      <Filter>Header Files\utils\storage</Filter>
    </ClInclude>
    <ClInclude Include="include\storage\AlignedFingerprint.h">
      <Filter>Header Files\storage</Filter>
    </ClInclude>
    <ClInclude Include="include\utils\CutlineEstimator.h">
      <Filter>Header Files\utils</Filter>
    </ClInclude>
    <ClInclude Include="include\utils\FingerprintAligner.h">
      <Filter>Header Files\utils</Filter>
    </ClInclude>
    <ClInclude Include="include\exceptions\InvalidTemplateType.h">
      <Filter>Header Files\exceptions</Filter>
    </ClInclude>
    <ClInclude Include="include\utils\TemplateGenerator.h">
      <Filter>Header Files\utils</Filter>
    </ClInclude>
    <ClInclude Include="include\exceptions\UnknownMorphingSeparation.h">
      <Filter>Header Files\exceptions</Filter>
    </ClInclude>
  </ItemGroup>
  <ItemGroup>
    <ClCompile Include="include\MorphingProcessor.cpp">
      <Filter>Source Files</Filter>
    </ClCompile>
    <ClCompile Include="include\utils\TemplateGenerator.cpp">
      <Filter>Source Files\utils</Filter>
    </ClCompile>
    <ClCompile Include="include\utils\FingerprintAligner.cpp">
      <Filter>Source Files\utils</Filter>
    </ClCompile>
    <ClCompile Include="include\utils\CutlineEstimator.cpp">
      <Filter>Source Files\utils</Filter>
    </ClCompile>
  </ItemGroup>
</Project>